// !$*UTF8*$!
{
	archiveVersion = 1;
	classes = {
	};
	objectVersion = 46;
	objects = {

/* Begin PBXBuildFile section */
		1A1ECED21D6F9C0300BEF4A5 /* AppDelegate.swift in Sources */ = {isa = PBXBuildFile; fileRef = 1A1ECED11D6F9C0300BEF4A5 /* AppDelegate.swift */; };
		1A1ECED41D6F9C0300BEF4A5 /* ViewController.swift in Sources */ = {isa = PBXBuildFile; fileRef = 1A1ECED31D6F9C0300BEF4A5 /* ViewController.swift */; };
		1A1ECED71D6F9C0300BEF4A5 /* Main.storyboard in Resources */ = {isa = PBXBuildFile; fileRef = 1A1ECED51D6F9C0300BEF4A5 /* Main.storyboard */; };
		1A1ECEDA1D6F9C0300BEF4A5 /* MyWeatherFinder.xcdatamodeld in Sources */ = {isa = PBXBuildFile; fileRef = 1A1ECED81D6F9C0300BEF4A5 /* MyWeatherFinder.xcdatamodeld */; };
		1A1ECEDC1D6F9C0400BEF4A5 /* Assets.xcassets in Resources */ = {isa = PBXBuildFile; fileRef = 1A1ECEDB1D6F9C0400BEF4A5 /* Assets.xcassets */; };
		1A1ECEDF1D6F9C0400BEF4A5 /* LaunchScreen.storyboard in Resources */ = {isa = PBXBuildFile; fileRef = 1A1ECEDD1D6F9C0400BEF4A5 /* LaunchScreen.storyboard */; };
		1A1ECEEA1D6F9C0400BEF4A5 /* MyWeatherFinderTests.swift in Sources */ = {isa = PBXBuildFile; fileRef = 1A1ECEE91D6F9C0400BEF4A5 /* MyWeatherFinderTests.swift */; };
		1A1ECEF51D6F9C0400BEF4A5 /* MyWeatherFinderUITests.swift in Sources */ = {isa = PBXBuildFile; fileRef = 1A1ECEF41D6F9C0400BEF4A5 /* MyWeatherFinderUITests.swift */; };
		26074782AFABFEDE2C572074 /* Pods_MyWeatherFinderUITests.framework in Frameworks */ = {isa = PBXBuildFile; fileRef = 4C0ECF00B3E7E3232BA13636 /* Pods_MyWeatherFinderUITests.framework */; };
		4677FDC9369C160F64C3CE76 /* Pods_MyWeatherFinderTests.framework in Frameworks */ = {isa = PBXBuildFile; fileRef = B21D84DD96252E3331DA901F /* Pods_MyWeatherFinderTests.framework */; };
		97EC21FD2D1ECF9DC9851FF7 /* Pods_MyWeatherFinder.framework in Frameworks */ = {isa = PBXBuildFile; fileRef = 361DDE30D60615F292877C5F /* Pods_MyWeatherFinder.framework */; };
/* End PBXBuildFile section */

/* Begin PBXContainerItemProxy section */
		1A1ECEE61D6F9C0400BEF4A5 /* PBXContainerItemProxy */ = {
			isa = PBXContainerItemProxy;
			containerPortal = 1A1ECEC61D6F9C0300BEF4A5 /* Project object */;
			proxyType = 1;
			remoteGlobalIDString = 1A1ECECD1D6F9C0300BEF4A5;
			remoteInfo = MyWeatherFinder;
		};
		1A1ECEF11D6F9C0400BEF4A5 /* PBXContainerItemProxy */ = {
			isa = PBXContainerItemProxy;
			containerPortal = 1A1ECEC61D6F9C0300BEF4A5 /* Project object */;
			proxyType = 1;
			remoteGlobalIDString = 1A1ECECD1D6F9C0300BEF4A5;
			remoteInfo = MyWeatherFinder;
		};
/* End PBXContainerItemProxy section */

/* Begin PBXFileReference section */
		024D6FC6B3CBE8ADE2941140 /* Pods-MyWeatherFinderTests.release.xcconfig */ = {isa = PBXFileReference; includeInIndex = 1; lastKnownFileType = text.xcconfig; name = "Pods-MyWeatherFinderTests.release.xcconfig"; path = "Pods/Target Support Files/Pods-MyWeatherFinderTests/Pods-MyWeatherFinderTests.release.xcconfig"; sourceTree = "<group>"; };
		1A1ECECE1D6F9C0300BEF4A5 /* MyWeatherFinder.app */ = {isa = PBXFileReference; explicitFileType = wrapper.application; includeInIndex = 0; path = MyWeatherFinder.app; sourceTree = BUILT_PRODUCTS_DIR; };
		1A1ECED11D6F9C0300BEF4A5 /* AppDelegate.swift */ = {isa = PBXFileReference; lastKnownFileType = sourcecode.swift; path = AppDelegate.swift; sourceTree = "<group>"; };
		1A1ECED31D6F9C0300BEF4A5 /* ViewController.swift */ = {isa = PBXFileReference; lastKnownFileType = sourcecode.swift; path = ViewController.swift; sourceTree = "<group>"; };
		1A1ECED61D6F9C0300BEF4A5 /* Base */ = {isa = PBXFileReference; lastKnownFileType = file.storyboard; name = Base; path = Base.lproj/Main.storyboard; sourceTree = "<group>"; };
		1A1ECED91D6F9C0300BEF4A5 /* MyWeatherFinder.xcdatamodel */ = {isa = PBXFileReference; lastKnownFileType = wrapper.xcdatamodel; path = MyWeatherFinder.xcdatamodel; sourceTree = "<group>"; };
		1A1ECEDB1D6F9C0400BEF4A5 /* Assets.xcassets */ = {isa = PBXFileReference; lastKnownFileType = folder.assetcatalog; path = Assets.xcassets; sourceTree = "<group>"; };
		1A1ECEDE1D6F9C0400BEF4A5 /* Base */ = {isa = PBXFileReference; lastKnownFileType = file.storyboard; name = Base; path = Base.lproj/LaunchScreen.storyboard; sourceTree = "<group>"; };
		1A1ECEE01D6F9C0400BEF4A5 /* Info.plist */ = {isa = PBXFileReference; lastKnownFileType = text.plist.xml; path = Info.plist; sourceTree = "<group>"; };
		1A1ECEE51D6F9C0400BEF4A5 /* MyWeatherFinderTests.xctest */ = {isa = PBXFileReference; explicitFileType = wrapper.cfbundle; includeInIndex = 0; path = MyWeatherFinderTests.xctest; sourceTree = BUILT_PRODUCTS_DIR; };
		1A1ECEE91D6F9C0400BEF4A5 /* MyWeatherFinderTests.swift */ = {isa = PBXFileReference; lastKnownFileType = sourcecode.swift; path = MyWeatherFinderTests.swift; sourceTree = "<group>"; };
		1A1ECEEB1D6F9C0400BEF4A5 /* Info.plist */ = {isa = PBXFileReference; lastKnownFileType = text.plist.xml; path = Info.plist; sourceTree = "<group>"; };
		1A1ECEF01D6F9C0400BEF4A5 /* MyWeatherFinderUITests.xctest */ = {isa = PBXFileReference; explicitFileType = wrapper.cfbundle; includeInIndex = 0; path = MyWeatherFinderUITests.xctest; sourceTree = BUILT_PRODUCTS_DIR; };
		1A1ECEF41D6F9C0400BEF4A5 /* MyWeatherFinderUITests.swift */ = {isa = PBXFileReference; lastKnownFileType = sourcecode.swift; path = MyWeatherFinderUITests.swift; sourceTree = "<group>"; };
		1A1ECEF61D6F9C0400BEF4A5 /* Info.plist */ = {isa = PBXFileReference; lastKnownFileType = text.plist.xml; path = Info.plist; sourceTree = "<group>"; };
		1EDC6917F2057BCB4BD10B50 /* Pods-MyWeatherFinderTests.debug.xcconfig */ = {isa = PBXFileReference; includeInIndex = 1; lastKnownFileType = text.xcconfig; name = "Pods-MyWeatherFinderTests.debug.xcconfig"; path = "Pods/Target Support Files/Pods-MyWeatherFinderTests/Pods-MyWeatherFinderTests.debug.xcconfig"; sourceTree = "<group>"; };
		2E12B4EF64D84CAEE9051ADB /* Pods-MyWeatherFinderUITests.debug.xcconfig */ = {isa = PBXFileReference; includeInIndex = 1; lastKnownFileType = text.xcconfig; name = "Pods-MyWeatherFinderUITests.debug.xcconfig"; path = "Pods/Target Support Files/Pods-MyWeatherFinderUITests/Pods-MyWeatherFinderUITests.debug.xcconfig"; sourceTree = "<group>"; };
		361DDE30D60615F292877C5F /* Pods_MyWeatherFinder.framework */ = {isa = PBXFileReference; explicitFileType = wrapper.framework; includeInIndex = 0; path = Pods_MyWeatherFinder.framework; sourceTree = BUILT_PRODUCTS_DIR; };
		4C0ECF00B3E7E3232BA13636 /* Pods_MyWeatherFinderUITests.framework */ = {isa = PBXFileReference; explicitFileType = wrapper.framework; includeInIndex = 0; path = Pods_MyWeatherFinderUITests.framework; sourceTree = BUILT_PRODUCTS_DIR; };
		9BD8CFBCFCF9EB27B773AB4C /* Pods-MyWeatherFinder.debug.xcconfig */ = {isa = PBXFileReference; includeInIndex = 1; lastKnownFileType = text.xcconfig; name = "Pods-MyWeatherFinder.debug.xcconfig"; path = "Pods/Target Support Files/Pods-MyWeatherFinder/Pods-MyWeatherFinder.debug.xcconfig"; sourceTree = "<group>"; };
		A7A449178BB5C7D9723995F7 /* Pods-MyWeatherFinder.release.xcconfig */ = {isa = PBXFileReference; includeInIndex = 1; lastKnownFileType = text.xcconfig; name = "Pods-MyWeatherFinder.release.xcconfig"; path = "Pods/Target Support Files/Pods-MyWeatherFinder/Pods-MyWeatherFinder.release.xcconfig"; sourceTree = "<group>"; };
		B21D84DD96252E3331DA901F /* Pods_MyWeatherFinderTests.framework */ = {isa = PBXFileReference; explicitFileType = wrapper.framework; includeInIndex = 0; path = Pods_MyWeatherFinderTests.framework; sourceTree = BUILT_PRODUCTS_DIR; };
		F013653C772CEFFF13E4AD4B /* Pods-MyWeatherFinderUITests.release.xcconfig */ = {isa = PBXFileReference; includeInIndex = 1; lastKnownFileType = text.xcconfig; name = "Pods-MyWeatherFinderUITests.release.xcconfig"; path = "Pods/Target Support Files/Pods-MyWeatherFinderUITests/Pods-MyWeatherFinderUITests.release.xcconfig"; sourceTree = "<group>"; };
/* End PBXFileReference section */

/* Begin PBXFrameworksBuildPhase section */
		1A1ECECB1D6F9C0300BEF4A5 /* Frameworks */ = {
			isa = PBXFrameworksBuildPhase;
			buildActionMask = 2147483647;
			files = (
				97EC21FD2D1ECF9DC9851FF7 /* Pods_MyWeatherFinder.framework in Frameworks */,
			);
			runOnlyForDeploymentPostprocessing = 0;
		};
		1A1ECEE21D6F9C0400BEF4A5 /* Frameworks */ = {
			isa = PBXFrameworksBuildPhase;
			buildActionMask = 2147483647;
			files = (
				4677FDC9369C160F64C3CE76 /* Pods_MyWeatherFinderTests.framework in Frameworks */,
			);
			runOnlyForDeploymentPostprocessing = 0;
		};
		1A1ECEED1D6F9C0400BEF4A5 /* Frameworks */ = {
			isa = PBXFrameworksBuildPhase;
			buildActionMask = 2147483647;
			files = (
				26074782AFABFEDE2C572074 /* Pods_MyWeatherFinderUITests.framework in Frameworks */,
			);
			runOnlyForDeploymentPostprocessing = 0;
		};
/* End PBXFrameworksBuildPhase section */

/* Begin PBXGroup section */
		04E4AAA7E89100B633A1FFB3 /* Pods */ = {
			isa = PBXGroup;
			children = (
				9BD8CFBCFCF9EB27B773AB4C /* Pods-MyWeatherFinder.debug.xcconfig */,
				A7A449178BB5C7D9723995F7 /* Pods-MyWeatherFinder.release.xcconfig */,
				1EDC6917F2057BCB4BD10B50 /* Pods-MyWeatherFinderTests.debug.xcconfig */,
				024D6FC6B3CBE8ADE2941140 /* Pods-MyWeatherFinderTests.release.xcconfig */,
				2E12B4EF64D84CAEE9051ADB /* Pods-MyWeatherFinderUITests.debug.xcconfig */,
				F013653C772CEFFF13E4AD4B /* Pods-MyWeatherFinderUITests.release.xcconfig */,
			);
			name = Pods;
			sourceTree = "<group>";
		};
		1A1ECEC51D6F9C0300BEF4A5 = {
			isa = PBXGroup;
			children = (
				1A1ECED01D6F9C0300BEF4A5 /* MyWeatherFinder */,
				1A1ECEE81D6F9C0400BEF4A5 /* MyWeatherFinderTests */,
				1A1ECEF31D6F9C0400BEF4A5 /* MyWeatherFinderUITests */,
				1A1ECECF1D6F9C0300BEF4A5 /* Products */,
				04E4AAA7E89100B633A1FFB3 /* Pods */,
				CE944E0DC1CFD53088B968B0 /* Frameworks */,
			);
			sourceTree = "<group>";
		};
		1A1ECECF1D6F9C0300BEF4A5 /* Products */ = {
			isa = PBXGroup;
			children = (
				1A1ECECE1D6F9C0300BEF4A5 /* MyWeatherFinder.app */,
				1A1ECEE51D6F9C0400BEF4A5 /* MyWeatherFinderTests.xctest */,
				1A1ECEF01D6F9C0400BEF4A5 /* MyWeatherFinderUITests.xctest */,
			);
			name = Products;
			sourceTree = "<group>";
		};
		1A1ECED01D6F9C0300BEF4A5 /* MyWeatherFinder */ = {
			isa = PBXGroup;
			children = (
				1A1ECED11D6F9C0300BEF4A5 /* AppDelegate.swift */,
				1A1ECED31D6F9C0300BEF4A5 /* ViewController.swift */,
				1A1ECED51D6F9C0300BEF4A5 /* Main.storyboard */,
				1A1ECEDB1D6F9C0400BEF4A5 /* Assets.xcassets */,
				1A1ECEDD1D6F9C0400BEF4A5 /* LaunchScreen.storyboard */,
				1A1ECEE01D6F9C0400BEF4A5 /* Info.plist */,
				1A1ECED81D6F9C0300BEF4A5 /* MyWeatherFinder.xcdatamodeld */,
			);
			path = MyWeatherFinder;
			sourceTree = "<group>";
		};
		1A1ECEE81D6F9C0400BEF4A5 /* MyWeatherFinderTests */ = {
			isa = PBXGroup;
			children = (
				1A1ECEE91D6F9C0400BEF4A5 /* MyWeatherFinderTests.swift */,
				1A1ECEEB1D6F9C0400BEF4A5 /* Info.plist */,
			);
			path = MyWeatherFinderTests;
			sourceTree = "<group>";
		};
		1A1ECEF31D6F9C0400BEF4A5 /* MyWeatherFinderUITests */ = {
			isa = PBXGroup;
			children = (
				1A1ECEF41D6F9C0400BEF4A5 /* MyWeatherFinderUITests.swift */,
				1A1ECEF61D6F9C0400BEF4A5 /* Info.plist */,
			);
			path = MyWeatherFinderUITests;
			sourceTree = "<group>";
		};
		CE944E0DC1CFD53088B968B0 /* Frameworks */ = {
			isa = PBXGroup;
			children = (
				361DDE30D60615F292877C5F /* Pods_MyWeatherFinder.framework */,
				B21D84DD96252E3331DA901F /* Pods_MyWeatherFinderTests.framework */,
				4C0ECF00B3E7E3232BA13636 /* Pods_MyWeatherFinderUITests.framework */,
			);
			name = Frameworks;
			sourceTree = "<group>";
		};
/* End PBXGroup section */

/* Begin PBXNativeTarget section */
		1A1ECECD1D6F9C0300BEF4A5 /* MyWeatherFinder */ = {
			isa = PBXNativeTarget;
			buildConfigurationList = 1A1ECEF91D6F9C0400BEF4A5 /* Build configuration list for PBXNativeTarget "MyWeatherFinder" */;
			buildPhases = (
				5CA63D02C511832FA23869A1 /* [CP] Check Pods Manifest.lock */,
				1A1ECECA1D6F9C0300BEF4A5 /* Sources */,
				1A1ECECB1D6F9C0300BEF4A5 /* Frameworks */,
				1A1ECECC1D6F9C0300BEF4A5 /* Resources */,
				E6215BBEC53BD541086B236A /* [CP] Embed Pods Frameworks */,
				BD23D3B13DD3B18E7A576193 /* [CP] Copy Pods Resources */,
			);
			buildRules = (
			);
			dependencies = (
			);
			name = MyWeatherFinder;
			productName = MyWeatherFinder;
			productReference = 1A1ECECE1D6F9C0300BEF4A5 /* MyWeatherFinder.app */;
			productType = "com.apple.product-type.application";
		};
		1A1ECEE41D6F9C0400BEF4A5 /* MyWeatherFinderTests */ = {
			isa = PBXNativeTarget;
			buildConfigurationList = 1A1ECEFC1D6F9C0400BEF4A5 /* Build configuration list for PBXNativeTarget "MyWeatherFinderTests" */;
			buildPhases = (
				657377093609F296BAB6248A /* [CP] Check Pods Manifest.lock */,
				1A1ECEE11D6F9C0400BEF4A5 /* Sources */,
				1A1ECEE21D6F9C0400BEF4A5 /* Frameworks */,
				1A1ECEE31D6F9C0400BEF4A5 /* Resources */,
				440E7F4A1E3A46EFFA8FBBC8 /* [CP] Embed Pods Frameworks */,
				91DBDB56FD2C868315FC3378 /* [CP] Copy Pods Resources */,
			);
			buildRules = (
			);
			dependencies = (
				1A1ECEE71D6F9C0400BEF4A5 /* PBXTargetDependency */,
			);
			name = MyWeatherFinderTests;
			productName = MyWeatherFinderTests;
			productReference = 1A1ECEE51D6F9C0400BEF4A5 /* MyWeatherFinderTests.xctest */;
			productType = "com.apple.product-type.bundle.unit-test";
		};
		1A1ECEEF1D6F9C0400BEF4A5 /* MyWeatherFinderUITests */ = {
			isa = PBXNativeTarget;
			buildConfigurationList = 1A1ECEFF1D6F9C0400BEF4A5 /* Build configuration list for PBXNativeTarget "MyWeatherFinderUITests" */;
			buildPhases = (
				879AF5CFABE3234EC67495C5 /* [CP] Check Pods Manifest.lock */,
				1A1ECEEC1D6F9C0400BEF4A5 /* Sources */,
				1A1ECEED1D6F9C0400BEF4A5 /* Frameworks */,
				1A1ECEEE1D6F9C0400BEF4A5 /* Resources */,
				6DA6943F473E6A5A33B723CE /* [CP] Copy Pods Resources */,
			);
			buildRules = (
			);
			dependencies = (
				1A1ECEF21D6F9C0400BEF4A5 /* PBXTargetDependency */,
			);
			name = MyWeatherFinderUITests;
			productName = MyWeatherFinderUITests;
			productReference = 1A1ECEF01D6F9C0400BEF4A5 /* MyWeatherFinderUITests.xctest */;
			productType = "com.apple.product-type.bundle.ui-testing";
		};
/* End PBXNativeTarget section */

/* Begin PBXProject section */
		1A1ECEC61D6F9C0300BEF4A5 /* Project object */ = {
			isa = PBXProject;
			attributes = {
				LastSwiftUpdateCheck = 0730;
				LastUpgradeCheck = 0730;
				ORGANIZATIONNAME = "Faisal Syed";
				TargetAttributes = {
					1A1ECECD1D6F9C0300BEF4A5 = {
						CreatedOnToolsVersion = 7.3.1;
					};
					1A1ECEE41D6F9C0400BEF4A5 = {
						CreatedOnToolsVersion = 7.3.1;
						TestTargetID = 1A1ECECD1D6F9C0300BEF4A5;
					};
					1A1ECEEF1D6F9C0400BEF4A5 = {
						CreatedOnToolsVersion = 7.3.1;
						TestTargetID = 1A1ECECD1D6F9C0300BEF4A5;
					};
				};
			};
			buildConfigurationList = 1A1ECEC91D6F9C0300BEF4A5 /* Build configuration list for PBXProject "MyWeatherFinder" */;
			compatibilityVersion = "Xcode 3.2";
			developmentRegion = English;
			hasScannedForEncodings = 0;
			knownRegions = (
				en,
				Base,
			);
			mainGroup = 1A1ECEC51D6F9C0300BEF4A5;
			productRefGroup = 1A1ECECF1D6F9C0300BEF4A5 /* Products */;
			projectDirPath = "";
			projectRoot = "";
			targets = (
				1A1ECECD1D6F9C0300BEF4A5 /* MyWeatherFinder */,
				1A1ECEE41D6F9C0400BEF4A5 /* MyWeatherFinderTests */,
				1A1ECEEF1D6F9C0400BEF4A5 /* MyWeatherFinderUITests */,
			);
		};
/* End PBXProject section */

/* Begin PBXResourcesBuildPhase section */
		1A1ECECC1D6F9C0300BEF4A5 /* Resources */ = {
			isa = PBXResourcesBuildPhase;
			buildActionMask = 2147483647;
			files = (
				1A1ECEDF1D6F9C0400BEF4A5 /* LaunchScreen.storyboard in Resources */,
				1A1ECEDC1D6F9C0400BEF4A5 /* Assets.xcassets in Resources */,
				1A1ECED71D6F9C0300BEF4A5 /* Main.storyboard in Resources */,
			);
			runOnlyForDeploymentPostprocessing = 0;
		};
		1A1ECEE31D6F9C0400BEF4A5 /* Resources */ = {
			isa = PBXResourcesBuildPhase;
			buildActionMask = 2147483647;
			files = (
			);
			runOnlyForDeploymentPostprocessing = 0;
		};
		1A1ECEEE1D6F9C0400BEF4A5 /* Resources */ = {
			isa = PBXResourcesBuildPhase;
			buildActionMask = 2147483647;
			files = (
			);
			runOnlyForDeploymentPostprocessing = 0;
		};
/* End PBXResourcesBuildPhase section */

/* Begin PBXShellScriptBuildPhase section */
		440E7F4A1E3A46EFFA8FBBC8 /* [CP] Embed Pods Frameworks */ = {
			isa = PBXShellScriptBuildPhase;
			buildActionMask = 2147483647;
			files = (
			);
			inputPaths = (
			);
			name = "[CP] Embed Pods Frameworks";
			outputPaths = (
			);
			runOnlyForDeploymentPostprocessing = 0;
			shellPath = /bin/sh;
			shellScript = "\"${SRCROOT}/Pods/Target Support Files/Pods-MyWeatherFinderTests/Pods-MyWeatherFinderTests-frameworks.sh\"\n";
			showEnvVarsInLog = 0;
		};
		5CA63D02C511832FA23869A1 /* [CP] Check Pods Manifest.lock */ = {
			isa = PBXShellScriptBuildPhase;
			buildActionMask = 2147483647;
			files = (
			);
			inputPaths = (
			);
			name = "[CP] Check Pods Manifest.lock";
			outputPaths = (
			);
			runOnlyForDeploymentPostprocessing = 0;
			shellPath = /bin/sh;
			shellScript = "diff \"${PODS_ROOT}/../Podfile.lock\" \"${PODS_ROOT}/Manifest.lock\" > /dev/null\nif [[ $? != 0 ]] ; then\n    cat << EOM\nerror: The sandbox is not in sync with the Podfile.lock. Run 'pod install' or update your CocoaPods installation.\nEOM\n    exit 1\nfi\n";
			showEnvVarsInLog = 0;
		};
		657377093609F296BAB6248A /* [CP] Check Pods Manifest.lock */ = {
			isa = PBXShellScriptBuildPhase;
			buildActionMask = 2147483647;
			files = (
			);
			inputPaths = (
			);
			name = "[CP] Check Pods Manifest.lock";
			outputPaths = (
			);
			runOnlyForDeploymentPostprocessing = 0;
			shellPath = /bin/sh;
			shellScript = "diff \"${PODS_ROOT}/../Podfile.lock\" \"${PODS_ROOT}/Manifest.lock\" > /dev/null\nif [[ $? != 0 ]] ; then\n    cat << EOM\nerror: The sandbox is not in sync with the Podfile.lock. Run 'pod install' or update your CocoaPods installation.\nEOM\n    exit 1\nfi\n";
			showEnvVarsInLog = 0;
		};
		6DA6943F473E6A5A33B723CE /* [CP] Copy Pods Resources */ = {
			isa = PBXShellScriptBuildPhase;
			buildActionMask = 2147483647;
			files = (
			);
			inputPaths = (
			);
			name = "[CP] Copy Pods Resources";
			outputPaths = (
			);
			runOnlyForDeploymentPostprocessing = 0;
			shellPath = /bin/sh;
			shellScript = "\"${SRCROOT}/Pods/Target Support Files/Pods-MyWeatherFinderUITests/Pods-MyWeatherFinderUITests-resources.sh\"\n";
			showEnvVarsInLog = 0;
		};
		879AF5CFABE3234EC67495C5 /* [CP] Check Pods Manifest.lock */ = {
			isa = PBXShellScriptBuildPhase;
			buildActionMask = 2147483647;
			files = (
			);
			inputPaths = (
			);
			name = "[CP] Check Pods Manifest.lock";
			outputPaths = (
			);
			runOnlyForDeploymentPostprocessing = 0;
			shellPath = /bin/sh;
			shellScript = "diff \"${PODS_ROOT}/../Podfile.lock\" \"${PODS_ROOT}/Manifest.lock\" > /dev/null\nif [[ $? != 0 ]] ; then\n    cat << EOM\nerror: The sandbox is not in sync with the Podfile.lock. Run 'pod install' or update your CocoaPods installation.\nEOM\n    exit 1\nfi\n";
			showEnvVarsInLog = 0;
		};
		91DBDB56FD2C868315FC3378 /* [CP] Copy Pods Resources */ = {
			isa = PBXShellScriptBuildPhase;
			buildActionMask = 2147483647;
			files = (
			);
			inputPaths = (
			);
			name = "[CP] Copy Pods Resources";
			outputPaths = (
			);
			runOnlyForDeploymentPostprocessing = 0;
			shellPath = /bin/sh;
			shellScript = "\"${SRCROOT}/Pods/Target Support Files/Pods-MyWeatherFinderTests/Pods-MyWeatherFinderTests-resources.sh\"\n";
			showEnvVarsInLog = 0;
		};
		BD23D3B13DD3B18E7A576193 /* [CP] Copy Pods Resources */ = {
			isa = PBXShellScriptBuildPhase;
			buildActionMask = 2147483647;
			files = (
			);
			inputPaths = (
			);
			name = "[CP] Copy Pods Resources";
			outputPaths = (
			);
			runOnlyForDeploymentPostprocessing = 0;
			shellPath = /bin/sh;
			shellScript = "\"${SRCROOT}/Pods/Target Support Files/Pods-MyWeatherFinder/Pods-MyWeatherFinder-resources.sh\"\n";
			showEnvVarsInLog = 0;
		};
		E6215BBEC53BD541086B236A /* [CP] Embed Pods Frameworks */ = {
			isa = PBXShellScriptBuildPhase;
			buildActionMask = 2147483647;
			files = (
			);
			inputPaths = (
			);
			name = "[CP] Embed Pods Frameworks";
			outputPaths = (
			);
			runOnlyForDeploymentPostprocessing = 0;
			shellPath = /bin/sh;
			shellScript = "\"${SRCROOT}/Pods/Target Support Files/Pods-MyWeatherFinder/Pods-MyWeatherFinder-frameworks.sh\"\n";
			showEnvVarsInLog = 0;
		};
/* End PBXShellScriptBuildPhase section */

/* Begin PBXSourcesBuildPhase section */
		1A1ECECA1D6F9C0300BEF4A5 /* Sources */ = {
			isa = PBXSourcesBuildPhase;
			buildActionMask = 2147483647;
			files = (
				1A1ECEDA1D6F9C0300BEF4A5 /* MyWeatherFinder.xcdatamodeld in Sources */,
				1A1ECED41D6F9C0300BEF4A5 /* ViewController.swift in Sources */,
				1A1ECED21D6F9C0300BEF4A5 /* AppDelegate.swift in Sources */,
			);
			runOnlyForDeploymentPostprocessing = 0;
		};
		1A1ECEE11D6F9C0400BEF4A5 /* Sources */ = {
			isa = PBXSourcesBuildPhase;
			buildActionMask = 2147483647;
			files = (
				1A1ECEEA1D6F9C0400BEF4A5 /* MyWeatherFinderTests.swift in Sources */,
			);
			runOnlyForDeploymentPostprocessing = 0;
		};
		1A1ECEEC1D6F9C0400BEF4A5 /* Sources */ = {
			isa = PBXSourcesBuildPhase;
			buildActionMask = 2147483647;
			files = (
				1A1ECEF51D6F9C0400BEF4A5 /* MyWeatherFinderUITests.swift in Sources */,
			);
			runOnlyForDeploymentPostprocessing = 0;
		};
/* End PBXSourcesBuildPhase section */

/* Begin PBXTargetDependency section */
		1A1ECEE71D6F9C0400BEF4A5 /* PBXTargetDependency */ = {
			isa = PBXTargetDependency;
			target = 1A1ECECD1D6F9C0300BEF4A5 /* MyWeatherFinder */;
			targetProxy = 1A1ECEE61D6F9C0400BEF4A5 /* PBXContainerItemProxy */;
		};
		1A1ECEF21D6F9C0400BEF4A5 /* PBXTargetDependency */ = {
			isa = PBXTargetDependency;
			target = 1A1ECECD1D6F9C0300BEF4A5 /* MyWeatherFinder */;
			targetProxy = 1A1ECEF11D6F9C0400BEF4A5 /* PBXContainerItemProxy */;
		};
/* End PBXTargetDependency section */

/* Begin PBXVariantGroup section */
		1A1ECED51D6F9C0300BEF4A5 /* Main.storyboard */ = {
			isa = PBXVariantGroup;
			children = (
				1A1ECED61D6F9C0300BEF4A5 /* Base */,
			);
			name = Main.storyboard;
			sourceTree = "<group>";
		};
		1A1ECEDD1D6F9C0400BEF4A5 /* LaunchScreen.storyboard */ = {
			isa = PBXVariantGroup;
			children = (
				1A1ECEDE1D6F9C0400BEF4A5 /* Base */,
			);
			name = LaunchScreen.storyboard;
			sourceTree = "<group>";
		};
/* End PBXVariantGroup section */

/* Begin XCBuildConfiguration section */
		1A1ECEF71D6F9C0400BEF4A5 /* Debug */ = {
			isa = XCBuildConfiguration;
			buildSettings = {
				ALWAYS_SEARCH_USER_PATHS = NO;
				CLANG_ANALYZER_NONNULL = YES;
				CLANG_CXX_LANGUAGE_STANDARD = "gnu++0x";
				CLANG_CXX_LIBRARY = "libc++";
				CLANG_ENABLE_MODULES = YES;
				CLANG_ENABLE_OBJC_ARC = YES;
				CLANG_WARN_BOOL_CONVERSION = YES;
				CLANG_WARN_CONSTANT_CONVERSION = YES;
				CLANG_WARN_DIRECT_OBJC_ISA_USAGE = YES_ERROR;
				CLANG_WARN_EMPTY_BODY = YES;
				CLANG_WARN_ENUM_CONVERSION = YES;
				CLANG_WARN_INT_CONVERSION = YES;
				CLANG_WARN_OBJC_ROOT_CLASS = YES_ERROR;
				CLANG_WARN_UNREACHABLE_CODE = YES;
				CLANG_WARN__DUPLICATE_METHOD_MATCH = YES;
				"CODE_SIGN_IDENTITY[sdk=iphoneos*]" = "iPhone Developer";
				COPY_PHASE_STRIP = NO;
				DEBUG_INFORMATION_FORMAT = dwarf;
				ENABLE_STRICT_OBJC_MSGSEND = YES;
				ENABLE_TESTABILITY = YES;
				GCC_C_LANGUAGE_STANDARD = gnu99;
				GCC_DYNAMIC_NO_PIC = NO;
				GCC_NO_COMMON_BLOCKS = YES;
				GCC_OPTIMIZATION_LEVEL = 0;
				GCC_PREPROCESSOR_DEFINITIONS = (
					"DEBUG=1",
					"$(inherited)",
				);
				GCC_WARN_64_TO_32_BIT_CONVERSION = YES;
				GCC_WARN_ABOUT_RETURN_TYPE = YES_ERROR;
				GCC_WARN_UNDECLARED_SELECTOR = YES;
				GCC_WARN_UNINITIALIZED_AUTOS = YES_AGGRESSIVE;
				GCC_WARN_UNUSED_FUNCTION = YES;
				GCC_WARN_UNUSED_VARIABLE = YES;
				IPHONEOS_DEPLOYMENT_TARGET = 9.3;
				MTL_ENABLE_DEBUG_INFO = YES;
				ONLY_ACTIVE_ARCH = YES;
				SDKROOT = iphoneos;
				SWIFT_OPTIMIZATION_LEVEL = "-Onone";
				TARGETED_DEVICE_FAMILY = "1,2";
			};
			name = Debug;
		};
		1A1ECEF81D6F9C0400BEF4A5 /* Release */ = {
			isa = XCBuildConfiguration;
			buildSettings = {
				ALWAYS_SEARCH_USER_PATHS = NO;
				CLANG_ANALYZER_NONNULL = YES;
				CLANG_CXX_LANGUAGE_STANDARD = "gnu++0x";
				CLANG_CXX_LIBRARY = "libc++";
				CLANG_ENABLE_MODULES = YES;
				CLANG_ENABLE_OBJC_ARC = YES;
				CLANG_WARN_BOOL_CONVERSION = YES;
				CLANG_WARN_CONSTANT_CONVERSION = YES;
				CLANG_WARN_DIRECT_OBJC_ISA_USAGE = YES_ERROR;
				CLANG_WARN_EMPTY_BODY = YES;
				CLANG_WARN_ENUM_CONVERSION = YES;
				CLANG_WARN_INT_CONVERSION = YES;
				CLANG_WARN_OBJC_ROOT_CLASS = YES_ERROR;
				CLANG_WARN_UNREACHABLE_CODE = YES;
				CLANG_WARN__DUPLICATE_METHOD_MATCH = YES;
				"CODE_SIGN_IDENTITY[sdk=iphoneos*]" = "iPhone Developer";
				COPY_PHASE_STRIP = NO;
				DEBUG_INFORMATION_FORMAT = "dwarf-with-dsym";
				ENABLE_NS_ASSERTIONS = NO;
				ENABLE_STRICT_OBJC_MSGSEND = YES;
				GCC_C_LANGUAGE_STANDARD = gnu99;
				GCC_NO_COMMON_BLOCKS = YES;
				GCC_WARN_64_TO_32_BIT_CONVERSION = YES;
				GCC_WARN_ABOUT_RETURN_TYPE = YES_ERROR;
				GCC_WARN_UNDECLARED_SELECTOR = YES;
				GCC_WARN_UNINITIALIZED_AUTOS = YES_AGGRESSIVE;
				GCC_WARN_UNUSED_FUNCTION = YES;
				GCC_WARN_UNUSED_VARIABLE = YES;
				IPHONEOS_DEPLOYMENT_TARGET = 9.3;
				MTL_ENABLE_DEBUG_INFO = NO;
				SDKROOT = iphoneos;
				TARGETED_DEVICE_FAMILY = "1,2";
				VALIDATE_PRODUCT = YES;
			};
			name = Release;
		};
		1A1ECEFA1D6F9C0400BEF4A5 /* Debug */ = {
			isa = XCBuildConfiguration;
			baseConfigurationReference = 9BD8CFBCFCF9EB27B773AB4C /* Pods-MyWeatherFinder.debug.xcconfig */;
			buildSettings = {
				ASSETCATALOG_COMPILER_APPICON_NAME = AppIcon;
				INFOPLIST_FILE = MyWeatherFinder/Info.plist;
				LD_RUNPATH_SEARCH_PATHS = "$(inherited) @executable_path/Frameworks";
				PRODUCT_BUNDLE_IDENTIFIER = com.CongenialApps.MyWeatherFinder;
				PRODUCT_NAME = "$(TARGET_NAME)";
			};
			name = Debug;
		};
		1A1ECEFB1D6F9C0400BEF4A5 /* Release */ = {
			isa = XCBuildConfiguration;
			baseConfigurationReference = A7A449178BB5C7D9723995F7 /* Pods-MyWeatherFinder.release.xcconfig */;
			buildSettings = {
				ASSETCATALOG_COMPILER_APPICON_NAME = AppIcon;
				INFOPLIST_FILE = MyWeatherFinder/Info.plist;
				LD_RUNPATH_SEARCH_PATHS = "$(inherited) @executable_path/Frameworks";
				PRODUCT_BUNDLE_IDENTIFIER = com.CongenialApps.MyWeatherFinder;
				PRODUCT_NAME = "$(TARGET_NAME)";
			};
			name = Release;
		};
		1A1ECEFD1D6F9C0400BEF4A5 /* Debug */ = {
			isa = XCBuildConfiguration;
			baseConfigurationReference = 1EDC6917F2057BCB4BD10B50 /* Pods-MyWeatherFinderTests.debug.xcconfig */;
			buildSettings = {
				BUNDLE_LOADER = "$(TEST_HOST)";
				INFOPLIST_FILE = MyWeatherFinderTests/Info.plist;
				LD_RUNPATH_SEARCH_PATHS = "$(inherited) @executable_path/Frameworks @loader_path/Frameworks";
				PRODUCT_BUNDLE_IDENTIFIER = com.CongenialApps.MyWeatherFinderTests;
				PRODUCT_NAME = "$(TARGET_NAME)";
				TEST_HOST = "$(BUILT_PRODUCTS_DIR)/MyWeatherFinder.app/MyWeatherFinder";
			};
			name = Debug;
		};
		1A1ECEFE1D6F9C0400BEF4A5 /* Release */ = {
			isa = XCBuildConfiguration;
			baseConfigurationReference = 024D6FC6B3CBE8ADE2941140 /* Pods-MyWeatherFinderTests.release.xcconfig */;
			buildSettings = {
				BUNDLE_LOADER = "$(TEST_HOST)";
				INFOPLIST_FILE = MyWeatherFinderTests/Info.plist;
				LD_RUNPATH_SEARCH_PATHS = "$(inherited) @executable_path/Frameworks @loader_path/Frameworks";
				PRODUCT_BUNDLE_IDENTIFIER = com.CongenialApps.MyWeatherFinderTests;
				PRODUCT_NAME = "$(TARGET_NAME)";
				TEST_HOST = "$(BUILT_PRODUCTS_DIR)/MyWeatherFinder.app/MyWeatherFinder";
			};
			name = Release;
		};
		1A1ECF001D6F9C0400BEF4A5 /* Debug */ = {
			isa = XCBuildConfiguration;
			baseConfigurationReference = 2E12B4EF64D84CAEE9051ADB /* Pods-MyWeatherFinderUITests.debug.xcconfig */;
			buildSettings = {
				INFOPLIST_FILE = MyWeatherFinderUITests/Info.plist;
				LD_RUNPATH_SEARCH_PATHS = "$(inherited) @executable_path/Frameworks @loader_path/Frameworks";
				PRODUCT_BUNDLE_IDENTIFIER = com.CongenialApps.MyWeatherFinderUITests;
				PRODUCT_NAME = "$(TARGET_NAME)";
				TEST_TARGET_NAME = MyWeatherFinder;
			};
			name = Debug;
		};
		1A1ECF011D6F9C0400BEF4A5 /* Release */ = {
			isa = XCBuildConfiguration;
			baseConfigurationReference = F013653C772CEFFF13E4AD4B /* Pods-MyWeatherFinderUITests.release.xcconfig */;
			buildSettings = {
				INFOPLIST_FILE = MyWeatherFinderUITests/Info.plist;
				LD_RUNPATH_SEARCH_PATHS = "$(inherited) @executable_path/Frameworks @loader_path/Frameworks";
				PRODUCT_BUNDLE_IDENTIFIER = com.CongenialApps.MyWeatherFinderUITests;
				PRODUCT_NAME = "$(TARGET_NAME)";
				TEST_TARGET_NAME = MyWeatherFinder;
			};
			name = Release;
		};
/* End XCBuildConfiguration section */

/* Begin XCConfigurationList section */
		1A1ECEC91D6F9C0300BEF4A5 /* Build configuration list for PBXProject "MyWeatherFinder" */ = {
			isa = XCConfigurationList;
			buildConfigurations = (
				1A1ECEF71D6F9C0400BEF4A5 /* Debug */,
				1A1ECEF81D6F9C0400BEF4A5 /* Release */,
			);
			defaultConfigurationIsVisible = 0;
			defaultConfigurationName = Release;
		};
		1A1ECEF91D6F9C0400BEF4A5 /* Build configuration list for PBXNativeTarget "MyWeatherFinder" */ = {
			isa = XCConfigurationList;
			buildConfigurations = (
				1A1ECEFA1D6F9C0400BEF4A5 /* Debug */,
				1A1ECEFB1D6F9C0400BEF4A5 /* Release */,
			);
			defaultConfigurationIsVisible = 0;
			defaultConfigurationName = Release;
		};
		1A1ECEFC1D6F9C0400BEF4A5 /* Build configuration list for PBXNativeTarget "MyWeatherFinderTests" */ = {
			isa = XCConfigurationList;
			buildConfigurations = (
				1A1ECEFD1D6F9C0400BEF4A5 /* Debug */,
				1A1ECEFE1D6F9C0400BEF4A5 /* Release */,
			);
			defaultConfigurationIsVisible = 0;
			defaultConfigurationName = Release;
		};
		1A1ECEFF1D6F9C0400BEF4A5 /* Build configuration list for PBXNativeTarget "MyWeatherFinderUITests" */ = {
			isa = XCConfigurationList;
			buildConfigurations = (
				1A1ECF001D6F9C0400BEF4A5 /* Debug */,
				1A1ECF011D6F9C0400BEF4A5 /* Release */,
			);
			defaultConfigurationIsVisible = 0;
			defaultConfigurationName = Release;
		};
/* End XCConfigurationList section */

/* Begin XCVersionGroup section */
		1A1ECED81D6F9C0300BEF4A5 /* MyWeatherFinder.xcdatamodeld */ = {
			isa = XCVersionGroup;
			children = (
				1A1ECED91D6F9C0300BEF4A5 /* MyWeatherFinder.xcdatamodel */,
			);
			currentVersion = 1A1ECED91D6F9C0300BEF4A5 /* MyWeatherFinder.xcdatamodel */;
			path = MyWeatherFinder.xcdatamodeld;
			sourceTree = "<group>";
			versionGroupType = wrapper.xcdatamodel;
		};
/* End XCVersionGroup section */
	};
	rootObject = 1A1ECEC61D6F9C0300BEF4A5 /* Project object */;
}
